{
  "version": 4,
  "terraform_version": "1.4.2",
  "serial": 3,
  "lineage": "91b3d0c9-d15e-491c-d083-71263872a4a8",
  "outputs": {
    "cluster-location": {
      "value": "us-central1-a",
      "type": "string"
    },
    "cluster-name": {
      "value": "sre",
      "type": "string"
    }
  },
  "resources": [
    {
      "mode": "data",
      "type": "google_client_config",
      "name": "default",
      "provider": "provider[\"registry.terraform.io/hashicorp/google\"]",
      "instances": [
        {
          "schema_version": 0,
          "attributes": {
            "access_token": "ya29.c.c0AY_VpZic69YSKgL5Yxa-bS4mCbf0PHfgo0-TPXNvlWRa2bywIxUYM2kA1emmYiNx0c4U4jqRVbR7m7WTl3f38SsAsQokeOh0O8aypeh8b5RLy_JjbD4FyXwGFX4u0C3OlGL-gGoTMLF_5mCaJz3FSSCvGsOKiXM-a_TxOv0TpbbgdCUYPSkrSlNiGIiUU9hVeq1gJcM_Id7rCL3L50Lj2GmUpOyxp3sxGlf_rEL_6FjhHvWZYBWXAr_qi0qm5Y9OBSYqe-ngjA6Q5tDYuluj1pzXQNCJZOgvXLfkVOMjgYbd97jkrgVL5CctO4G1dX-wWSup2t8lLiyz5hhFnxaZ_y_F1rZ6avwtDCj7A1XbyFT4Sg4devvx_WeulPEL388AQ2Z6BVJU-k7XMf7Qbkonij-pMmX2Qe0mr5rJ6m7hYn1VIJZW75ZR8vzqcB01Q2ynlY8149U5dJp_y2ciVdrQIOkWVw81Imq8sVZRm0znZUrz6Xalr5zmbFBuehhjk1hfVfvXBmQcrfJpee-2cXFRdYs3-1fsJUdkrk2Y3tqIe1hlVmbOOSZkpV3svW4vJ85l0YbtMohS8Xmjde4Qp2pjlzXyOrVV_Wr_t518eBQJ2Opelu39anOophwc_2yYs1pawIFrlpWRzpJdl91veMbdSwoYIye1B87didekqOh3Vd4mRbkMexi7xVIiUtcSy64bwxI321j4f-Ujevkl25ly2S3qSujwwkM1YYI7ifketcvRqMgZyo0uiX_lXatkUylhk13q-e3Byw7ve721lhm2Qipnf3UmOdeOy4e0YnbVjplcmO8k3pJ17BYkB_gddu_b5jgXh-q5luq9SYb-h3iYoqYvUjecm3UhVYngRgJx1QfdbU6Rz6Fyaplqjjy2J1lynrnnJYmdfyF26Udtb9wRg79RsXncIR3zYYOXV98wmuBunbgrzVxISqmyXnZR6nFstzkhScVB7qRl87FVUgZJt4i4WtxpeF1IU63lmWd8SboR8bIW0I3Y3Mr",
            "id": "projects/\"codegarage-001-408013\"/regions/\"us-central1\"/zones/\"us-central1-a\"",
            "project": "codegarage-001-408013",
            "region": "us-central1",
            "zone": "us-central1-a"
          },
          "sensitive_attributes": []
        }
      ]
    },
    {
      "mode": "managed",
      "type": "google_container_cluster",
      "name": "gke-cluster",
      "provider": "provider[\"registry.terraform.io/hashicorp/google\"]",
      "instances": [
        {
          "schema_version": 2,
          "attributes": {
            "addons_config": [
              {
                "cloudrun_config": [],
                "config_connector_config": [],
                "dns_cache_config": [],
                "gce_persistent_disk_csi_driver_config": [
                  {
                    "enabled": true
                  }
                ],
                "gcp_filestore_csi_driver_config": [],
                "gcs_fuse_csi_driver_config": [],
                "gke_backup_agent_config": [],
                "horizontal_pod_autoscaling": [],
                "http_load_balancing": [],
                "network_policy_config": [
                  {
                    "disabled": true
                  }
                ]
              }
            ],
            "allow_net_admin": null,
            "authenticator_groups_config": [],
            "binary_authorization": [
              {
                "enabled": false,
                "evaluation_mode": ""
              }
            ],
            "cluster_autoscaling": [
              {
                "auto_provisioning_defaults": [],
                "autoscaling_profile": "BALANCED",
                "enabled": false,
                "resource_limits": []
              }
            ],
            "cluster_ipv4_cidr": "10.16.0.0/14",
            "confidential_nodes": [],
            "cost_management_config": [],
            "database_encryption": [
              {
                "key_name": "",
                "state": "DECRYPTED"
              }
            ],
            "datapath_provider": "",
            "default_max_pods_per_node": 110,
            "default_snat_status": [
              {
                "disabled": false
              }
            ],
            "deletion_protection": false,
            "description": "",
            "dns_config": [],
            "enable_autopilot": false,
            "enable_intranode_visibility": false,
            "enable_k8s_beta_apis": [],
            "enable_kubernetes_alpha": false,
            "enable_l4_ilb_subsetting": false,
            "enable_legacy_abac": false,
            "enable_shielded_nodes": true,
            "enable_tpu": false,
            "endpoint": "104.155.173.39",
            "fleet": [],
            "gateway_api_config": [],
            "id": "projects/codegarage-001-408013/locations/us-central1-a/clusters/sre",
            "identity_service_config": [],
            "initial_node_count": 2,
            "ip_allocation_policy": [
              {
                "additional_pod_ranges_config": [],
                "cluster_ipv4_cidr_block": "10.16.0.0/14",
                "cluster_secondary_range_name": "gke-sre-pods-81d4c26d",
                "pod_cidr_overprovision_config": [
                  {
                    "disabled": false
                  }
                ],
                "services_ipv4_cidr_block": "10.20.0.0/20",
                "services_secondary_range_name": "gke-sre-services-81d4c26d",
                "stack_type": "IPV4"
              }
            ],
            "label_fingerprint": "a9dc16a7",
            "location": "us-central1-a",
            "logging_config": [
              {
                "enable_components": [
                  "SYSTEM_COMPONENTS",
                  "WORKLOADS"
                ]
              }
            ],
            "logging_service": "logging.googleapis.com/kubernetes",
            "maintenance_policy": [],
            "master_auth": [
              {
                "client_certificate": "",
                "client_certificate_config": [
                  {
                    "issue_client_certificate": false
                  }
                ],
                "client_key": "",
                "cluster_ca_certificate": "LS0tLS1CRUdJTiBDRVJUSUZJQ0FURS0tLS0tCk1JSUVMVENDQXBXZ0F3SUJBZ0lSQU56WXpLT2IzTmZ5Ymh0U1B5Myt5Vm93RFFZSktvWklodmNOQVFFTEJRQXcKTHpFdE1Dc0dBMVVFQXhNa09EUmxaV0ZrTVdNdFpEQTNNUzAwWXpNd0xUZzVNelF0WkRKbFlXUTJaV1ppWkRGbQpNQ0FYRFRJME1ERXdPREUyTXpBeE5Wb1lEekl3TlRNeE1qTXhNVGN6TURFMVdqQXZNUzB3S3dZRFZRUURFeVE0Ck5HVmxZV1F4WXkxa01EY3hMVFJqTXpBdE9Ea3pOQzFrTW1WaFpEWmxabUprTVdZd2dnR2lNQTBHQ1NxR1NJYjMKRFFFQkFRVUFBNElCandBd2dnR0tBb0lCZ1FDa3RKTUc2ZzNveTRhWitwcU5YUXZJVlJCQ08zQmpNL041clIvRgpFcnVNUlMzelhta092anNCYnZvYlpxSFp4QWh4dmFvR05XVkcrSnQ2azRKdlA4V0hFQkZaTTVtL2ZFRyswNmg2CmlRQjVvRnpMRUVYMlN5V0tKeGxNS2VzVWRaWWlNNVBzcThabnBXT3NDVS9vUWYyaXlKcldrUHQ4V3BvcVpPZ0MKOUd6ZUxFVmRkUHo3TFRCRTcwK3RMRWxBVlhXSFdscW94dDc4TEJ3SmpuVFB4R2wrcGxyR2RZSVI0WndjY0VmSwpSZzhqQkxCaWlJUGdLSkhvNExiZENlZTRPaTJEUWxhRzRzUWFSbXlveUM5L3VJd1l3QVdjU3lNZ0Y2dlpkdEpvCnhGYWEzOFArbDdWZUJBdkZ3Z053WjF4RWlxL3ZzZWhoaERBLy9GQ0srNkVsUGJ5bjQ3cHhmVTYybkVmck5Wc20KMlJaOVFDVS8xaFhRb1M2UXRzaTVMa2pwaUc1NmV6U2p3bm9SL0xNWjJDTTV2SDlyaXBHYmpIVzRGTjBUa1JVQgplVk9idy9qNld4czBCcW84Ym1nVVkwcWMvR01rNCtQeG1wTmE0bjh6NlhRWDNNOFhhNkhFNzJ1L0dXUzY5TWQxCnpHQlZucUNxbVdyWXdwQ0F5SHNXa21zdU5vRUNBd0VBQWFOQ01FQXdEZ1lEVlIwUEFRSC9CQVFEQWdJRU1BOEcKQTFVZEV3RUIvd1FGTUFNQkFmOHdIUVlEVlIwT0JCWUVGQnZoUDRjNGVpSytyM1pISlJ5R2xDV3QyaWtYTUEwRwpDU3FHU0liM0RRRUJDd1VBQTRJQmdRQmFrVUwzcXYxRHo1ZXNhSGlsUlQ4UmU0WWxFTlkxSDhuSGJMVnJyQzBGCnQ0VHlwWFFtSXRDOUhJejl6dk1VY0NRdXpiN1d1UWc5YVllcDFTTnk1N1ZUTC82SHlTQmNZdlNOQ0hXMXY1c0YKNXZpRUM5dXVUaTNhRWV4VGVGdU9EQ2VPMzVUaFJNRlhhczRQTWJ0dG5HakhiQUtJRElQa1JaeEtjWTVxYXFndQpJYndOOXNGdVkraE9SQkhNTCt6SGtUUzc5WitlV2Y2ME52SGxKTXNCMjhXY3pVM1I4ZGlvdnYrRlBPTEt4Y2lxCmpKUC81UkN4cHpzcjh2VklQNFEvYzI0MmRVb0paYUQ0Q3BzMjRlNGJRT0xTRlBHMUo2TTlTN20vN3YvQUwraWUKRWJNRFM4dEtzSzZiV0hna2FqZVJVWjhBdVdUSm1IQjh6MnZRU0VUNWpDRmZ1S1dqZ0orQUtrVkxtemhFNHBJRAowRmJjbDJGcmJUK0Y0UHlnTHVkSk5OT0RpQ0U4OUV1ZGI4NUFXU2M5eWJ3T3lmWXRlMmV3RVdVaXY4cW1pWE1YCnVnRUxSUkRtY2s0d2d1T0JkM1dtc1E5U3RUTFlHZ3N2VWtDVXk0eU15SXBGQ3MyNnNDdm8zekxDZ3kyeVZTcFYKM3NybVNrdWR3RkVKaGlNK04vMGE1Skk9Ci0tLS0tRU5EIENFUlRJRklDQVRFLS0tLS0K"
              }
            ],
            "master_authorized_networks_config": [],
            "master_version": "1.27.3-gke.100",
            "mesh_certificates": [],
            "min_master_version": null,
            "monitoring_config": [
              {
                "advanced_datapath_observability_config": [
                  {
                    "enable_metrics": false,
                    "relay_mode": ""
                  }
                ],
                "enable_components": [
                  "SYSTEM_COMPONENTS"
                ],
                "managed_prometheus": [
                  {
                    "enabled": true
                  }
                ]
              }
            ],
            "monitoring_service": "monitoring.googleapis.com/kubernetes",
            "name": "sre",
            "network": "projects/codegarage-001-408013/global/networks/default",
            "network_policy": [
              {
                "enabled": false,
                "provider": "PROVIDER_UNSPECIFIED"
              }
            ],
            "networking_mode": "VPC_NATIVE",
            "node_config": [
              {
                "advanced_machine_features": [],
                "boot_disk_kms_key": "",
                "confidential_nodes": [],
                "disk_size_gb": 100,
                "disk_type": "pd-balanced",
                "effective_taints": [],
                "ephemeral_storage_local_ssd_config": [],
                "fast_socket": [],
                "gcfs_config": [],
                "guest_accelerator": [],
                "gvnic": [],
                "host_maintenance_policy": [],
                "image_type": "COS_CONTAINERD",
                "kubelet_config": [],
                "labels": {},
                "linux_node_config": [],
                "local_nvme_ssd_block_config": [],
                "local_ssd_count": 0,
                "logging_variant": "DEFAULT",
                "machine_type": "e2-small",
                "metadata": {
                  "disable-legacy-endpoints": "true"
                },
                "min_cpu_platform": "",
                "node_group": "",
                "oauth_scopes": [
                  "https://www.googleapis.com/auth/cloud-platform"
                ],
                "preemptible": false,
                "reservation_affinity": [],
                "resource_labels": null,
                "service_account": "default",
                "shielded_instance_config": [
                  {
                    "enable_integrity_monitoring": true,
                    "enable_secure_boot": false
                  }
                ],
                "sole_tenant_config": [],
                "spot": true,
                "tags": null,
                "taint": [],
                "workload_metadata_config": []
              }
            ],
            "node_locations": [],
            "node_pool": [
              {
                "autoscaling": [],
                "initial_node_count": 2,
                "instance_group_urls": [
                  "https://www.googleapis.com/compute/v1/projects/codegarage-001-408013/zones/us-central1-a/instanceGroupManagers/gke-sre-default-pool-085b602b-grp"
                ],
                "managed_instance_group_urls": [
                  "https://www.googleapis.com/compute/v1/projects/codegarage-001-408013/zones/us-central1-a/instanceGroups/gke-sre-default-pool-085b602b-grp"
                ],
                "management": [
                  {
                    "auto_repair": true,
                    "auto_upgrade": true
                  }
                ],
                "max_pods_per_node": 110,
                "name": "default-pool",
                "name_prefix": "",
                "network_config": [
                  {
                    "create_pod_range": false,
                    "enable_private_nodes": false,
                    "network_performance_config": [],
                    "pod_cidr_overprovision_config": [],
                    "pod_ipv4_cidr_block": "10.16.0.0/14",
                    "pod_range": "gke-sre-pods-81d4c26d"
                  }
                ],
                "node_config": [
                  {
                    "advanced_machine_features": [],
                    "boot_disk_kms_key": "",
                    "confidential_nodes": [],
                    "disk_size_gb": 100,
                    "disk_type": "pd-balanced",
                    "effective_taints": [],
                    "ephemeral_storage_local_ssd_config": [],
                    "fast_socket": [],
                    "gcfs_config": [],
                    "guest_accelerator": [],
                    "gvnic": [],
                    "host_maintenance_policy": [],
                    "image_type": "COS_CONTAINERD",
                    "kubelet_config": [],
                    "labels": {},
                    "linux_node_config": [],
                    "local_nvme_ssd_block_config": [],
                    "local_ssd_count": 0,
                    "logging_variant": "DEFAULT",
                    "machine_type": "e2-small",
                    "metadata": {
                      "disable-legacy-endpoints": "true"
                    },
                    "min_cpu_platform": "",
                    "node_group": "",
                    "oauth_scopes": [
                      "https://www.googleapis.com/auth/cloud-platform"
                    ],
                    "preemptible": false,
                    "reservation_affinity": [],
                    "resource_labels": {},
                    "service_account": "default",
                    "shielded_instance_config": [
                      {
                        "enable_integrity_monitoring": true,
                        "enable_secure_boot": false
                      }
                    ],
                    "sole_tenant_config": [],
                    "spot": true,
                    "tags": [],
                    "taint": [],
                    "workload_metadata_config": []
                  }
                ],
                "node_count": 2,
                "node_locations": [
                  "us-central1-a"
                ],
                "placement_policy": [],
                "upgrade_settings": [
                  {
                    "blue_green_settings": [],
                    "max_surge": 1,
                    "max_unavailable": 0,
                    "strategy": "SURGE"
                  }
                ],
                "version": "1.27.3-gke.100"
              }
            ],
            "node_pool_auto_config": [],
            "node_pool_defaults": [
              {
                "node_config_defaults": [
                  {
                    "logging_variant": "DEFAULT"
                  }
                ]
              }
            ],
            "node_version": "1.27.3-gke.100",
            "notification_config": [
              {
                "pubsub": [
                  {
                    "enabled": false,
                    "filter": [],
                    "topic": ""
                  }
                ]
              }
            ],
            "operation": null,
            "private_cluster_config": [
              {
                "enable_private_endpoint": false,
                "enable_private_nodes": false,
                "master_global_access_config": [
                  {
                    "enabled": false
                  }
                ],
                "master_ipv4_cidr_block": "",
                "peering_name": "",
                "private_endpoint": "10.128.0.11",
                "private_endpoint_subnetwork": "",
                "public_endpoint": "104.155.173.39"
              }
            ],
            "private_ipv6_google_access": "",
            "project": "codegarage-001-408013",
            "release_channel": [
              {
                "channel": "REGULAR"
              }
            ],
            "remove_default_node_pool": null,
            "resource_labels": null,
            "resource_usage_export_config": [],
            "security_posture_config": [
              {
                "mode": "BASIC",
                "vulnerability_mode": "VULNERABILITY_MODE_UNSPECIFIED"
              }
            ],
            "self_link": "https://container.googleapis.com/v1/projects/codegarage-001-408013/zones/us-central1-a/clusters/sre",
            "service_external_ips_config": [
              {
                "enabled": false
              }
            ],
            "services_ipv4_cidr": "10.20.0.0/20",
            "subnetwork": "projects/codegarage-001-408013/regions/us-central1/subnetworks/default",
            "timeouts": null,
            "tpu_ipv4_cidr_block": "",
            "vertical_pod_autoscaling": [],
            "workload_identity_config": []
          },
          "sensitive_attributes": [],
          "private": "eyJlMmJmYjczMC1lY2FhLTExZTYtOGY4OC0zNDM2M2JjN2M0YzAiOnsiY3JlYXRlIjoyNDAwMDAwMDAwMDAwLCJkZWxldGUiOjI0MDAwMDAwMDAwMDAsInJlYWQiOjI0MDAwMDAwMDAwMDAsInVwZGF0ZSI6MzYwMDAwMDAwMDAwMH0sInNjaGVtYV92ZXJzaW9uIjoiMiJ9"
        }
      ]
    }
  ],
  "check_results": null
}
